# This file was autogenerated by Stack.
# You should not edit this file by hand.
# For more information, please see the documentation at:
#   https://docs.haskellstack.org/en/stable/lock_files

packages:
- completed:
    cabal-file:
      size: 22656
      sha256: fff122e18468195b70bb8cb7eebfe0d78d8384d02ba9bb730fef31d03dc1c8a1
    name: haskell-tdlib
    version: 0.1.0.0
    git: https://github.com/mejgun/haskell-tdlib.git
    pantry-tree:
      size: 199133
      sha256: 2085877d52d3816bac477db29d60965adb29e04f8bc0d937c4336e6e778e9cb9
    commit: 14c9f000abba21ee7213f5fa74f9ea02194c836e
  original:
    git: https://github.com/mejgun/haskell-tdlib.git
    commit: 14c9f000abba21ee7213f5fa74f9ea02194c836e
- completed:
    cabal-file:
      size: 1696
      sha256: af34a0a8184c5207a016ebbba29334ec949f3e029e65537701629ed1c74342d0
    name: html-entity-decoder
    version: 0.1.0.0
    git: https://github.com/mejgun/html-entity-decoder.git
    pantry-tree:
      size: 749
      sha256: 3c7a6c34f626133a38dad843e5e9ffe0c040e04889ee9662c3168d0eec010255
    commit: a2920209077673e5c05c469a7858bbd56d8c99a5
  original:
    git: https://github.com/mejgun/html-entity-decoder.git
    commit: a2920209077673e5c05c469a7858bbd56d8c99a5
snapshots:
- completed:
    size: 494638
    url: https://raw.githubusercontent.com/commercialhaskell/stackage-snapshots/master/lts/15/11.yaml
    sha256: 5747328cdcbb8fe9c96fc048b5566167c80dd176a41b52d3b363058e3cc1dc5d
  original: lts-15.11
